{
  "name": "@hwayn/dsh-copilot",
  "version": "0.1.0",
  "lockfileVersion": 3,
  "requires": true,
  "packages": {
    "": {
      "name": "@hwayn/dsh-copilot",
      "version": "0.1.0",
      "license": "MIT",
      "dependencies": {
        "@deepseek-ai/schemastery": "^3.18.1"
      },
      "devDependencies": {
        "@types/node": "22",
        "@types/react": "~18.3.1",
        "react": "18.2.0",
        "typescript": "~5.6.3"
      },
      "engines": {
        "node": ">=20"
      },
      "peerDependencies": {
        "react": "^18.2.0"
      }
    },
    "../../AppData/Roaming/npm/node_modules/@deepseek-ai/dsh/node_modules/@deepseek-ai/dsh-system-prompt": {
      "version": "0.1.5-rc.2",
      "extraneous": true,
      "license": "MIT",
      "dependencies": {
        "@deepseek-ai/schemastery": "^3.18.2"
      },
      "devDependencies": {
        "@deepseek-ai/cordis": "^4.0.2",
        "@deepseek-ai/dsh-invariants": "^0.1.5-rc.2",
        "@deepseek-ai/dsh-llm": "^0.1.5-rc.2",
        "@deepseek-ai/dsh-scope": "^0.1.5-rc.2"
      },
      "peerDependencies": {
        "@deepseek-ai/cordis": "^4.0.2",
        "@deepseek-ai/dsh-invariants": "^0.1.5-rc.2",
        "@deepseek-ai/dsh-llm": "^0.1.5-rc.2",
        "@deepseek-ai/dsh-scope": "^0.1.5-rc.2"
      }
    },
    "../../AppData/Roaming/npm/node_modules/@deepseek-ai/dsh/node_modules/@deepseek-ai/schemastery": {
      "version": "3.18.2",
      "license": "MIT",
      "dependencies": {
        "@deepseek-ai/cosmokit": "^1.8.3",
        "@standard-schema/spec": "^1.1.0"
      }
    },
    "../dsh-image-skin/node_modules/@types/node": {
      "version": "22.20.4",
      "dev": true,
      "license": "MIT",
      "dependencies": {
        "undici-types": "~6.21.0"
      }
    },
    "../dsh-image-skin/node_modules/@types/prop-types": {
      "version": "15.7.15",
      "extraneous": true,
      "license": "MIT"
    },
    "../dsh-image-skin/node_modules/@types/react": {
      "version": "18.3.31",
      "dev": true,
      "license": "MIT",
      "dependencies": {
        "@types/prop-types": "*",
        "csstype": "^3.2.2"
      }
    },
    "../dsh-image-skin/node_modules/csstype": {
      "version": "3.2.3",
      "extraneous": true,
      "license": "MIT",
      "devDependencies": {
        "@babel/core": "^7.28.5",
        "@babel/preset-env": "^7.28.5",
        "@babel/preset-typescript": "^7.28.5",
        "@eslint/js": "^9.39.1",
        "@mdn/browser-compat-data": "7.1.21",
        "@tsconfig/node24": "^24.0.2",
        "@types/chokidar": "^2.1.7",
        "@types/css-tree": "^2.3.11",
        "@types/jest": "^30.0.0",
        "@types/jsdom": "^27.0.0",
        "@types/node": "^24.10.1",
        "@types/prettier": "^3.0.0",
        "@types/turndown": "^5.0.6",
        "babel-jest": "^30.2.0",
        "chalk": "^5.6.2",
        "chokidar": "^4.0.3",
        "css-tree": "^3.1.0",
        "eslint-config-prettier": "^10.1.8",
        "eslint-plugin-prettier": "^5.5.4",
        "flow-bin": "^0.291.0",
        "jest": "^30.2.0",
        "jsdom": "^27.2.0",
        "mdn-data": "2.25.0",
        "prettier": "^3.6.2",
        "release-it": "^19.0.6",
        "tsx": "^4.20.6",
        "turndown": "^7.2.2",
        "typescript": "~5.9.3",
        "typescript-eslint": "^8.46.4"
      }
    },
    "../dsh-image-skin/node_modules/react": {
      "version": "18.2.0",
      "dev": true,
      "license": "MIT",
      "dependencies": {
        "loose-envify": "^1.1.0"
      },
      "engines": {
        "node": ">=0.10.0"
      }
    },
    "../dsh-image-skin/node_modules/typescript": {
      "version": "5.6.3",
      "dev": true,
      "license": "Apache-2.0",
      "bin": {
        "tsc": "bin/tsc",
        "tsserver": "bin/tsserver"
      },
      "devDependencies": {
        "@dprint/formatter": "^0.4.1",
        "@dprint/typescript": "0.91.6",
        "@esfx/canceltoken": "^1.0.0",
        "@eslint/js": "^9.9.0",
        "@octokit/rest": "^21.0.1",
        "@types/chai": "^4.3.17",
        "@types/diff": "^5.2.1",
        "@types/minimist": "^1.2.5",
        "@types/mocha": "^10.0.7",
        "@types/ms": "^0.7.34",
        "@types/node": "latest",
        "@types/source-map-support": "^0.5.10",
        "@types/which": "^3.0.4",
        "@typescript-eslint/rule-tester": "^8.1.0",
        "@typescript-eslint/type-utils": "^8.1.0",
        "@typescript-eslint/utils": "^8.1.0",
        "azure-devops-node-api": "^14.0.2",
        "c8": "^10.1.2",
        "chai": "^4.5.0",
        "chalk": "^4.1.2",
        "chokidar": "^3.6.0",
        "diff": "^5.2.0",
        "dprint": "^0.47.2",
        "esbuild": "^0.23.0",
        "eslint": "^9.9.0",
        "eslint-formatter-autolinkable-stylish": "^1.4.0",
        "eslint-plugin-regexp": "^2.6.0",
        "fast-xml-parser": "^4.4.1",
        "glob": "^10.4.5",
        "globals": "^15.9.0",
        "hereby": "^1.9.0",
        "jsonc-parser": "^3.3.1",
        "knip": "^5.27.2",
        "minimist": "^1.2.8",
        "mocha": "^10.7.3",
        "mocha-fivemat-progress-reporter": "^0.1.0",
        "monocart-coverage-reports": "^2.10.2",
        "ms": "^2.1.3",
        "node-fetch": "^3.3.2",
        "playwright": "^1.46.0",
        "source-map-support": "^0.5.21",
        "tslib": "^2.6.3",
        "typescript": "^5.5.4",
        "typescript-eslint": "^8.1.0",
        "which": "^3.0.1"
      },
      "engines": {
        "node": ">=14.17"
      }
    },
    "node_modules/@deepseek-ai/schemastery": {
      "resolved": "../../AppData/Roaming/npm/node_modules/@deepseek-ai/dsh/node_modules/@deepseek-ai/schemastery",
      "link": true
    },
    "node_modules/@types/node": {
      "resolved": "../dsh-image-skin/node_modules/@types/node",
      "link": true
    },
    "node_modules/@types/react": {
      "resolved": "../dsh-image-skin/node_modules/@types/react",
      "link": true
    },
    "node_modules/react": {
      "resolved": "../dsh-image-skin/node_modules/react",
      "link": true
    },
    "node_modules/typescript": {
      "resolved": "../dsh-image-skin/node_modules/typescript",
      "link": true
    }
  }
}
